
Microsoft Visual Studio Solution File, Format Version 12.00
# Visual Studio Version 16
VisualStudioVersion = 16.0.30428.66
MinimumVisualStudioVersion = 10.0.40219.1
Project("{9A19103F-16F7-4668-BE54-9A1E7A4F7556}") = "eOrdinacija_API", "eOrdinacija_API\eOrdinacija_API.csproj", "{45DF3D9E-422C-45EA-A0E4-5C86B8B15D05}"
EndProject
Project("{FAE04EC0-301F-11D3-BF4B-00C04F79EFBC}") = "eOrdinacija.Model", "eOrdinacija.Model\eOrdinacija.Model.csproj", "{98B40297-E38C-4052-9595-65F6FAD117EA}"
EndProject
Project("{2150E333-8FDC-42A3-9474-1A3956D46DE8}") = "UI", "UI", "{325C754C-71CF-4A7D-B793-2B2951F30350}"
EndProject
Project("{FAE04EC0-301F-11D3-BF4B-00C04F79EFBC}") = "eOrdinacija.WinUI", "eOrdinacija.WinUI\eOrdinacija.WinUI.csproj", "{AAC76982-E0A2-4298-803E-3E96FBFE60BC}"
EndProject
Project("{2150E333-8FDC-42A3-9474-1A3956D46DE8}") = "eOrdinacija.Mobile", "eOrdinacija.Mobile", "{18EFCF88-660C-4AD6-8E22-3EFF6D81D2B7}"
EndProject
Project("{FAE04EC0-301F-11D3-BF4B-00C04F79EFBC}") = "eOrdinacija.MobileApp.UWP", "eOrdinacija.MobileApp\eOrdinacija.MobileApp.UWP\eOrdinacija.MobileApp.UWP.csproj", "{F4C7723C-85B7-4412-97FD-5A7E63029B71}"
EndProject
Project("{FAE04EC0-301F-11D3-BF4B-00C04F79EFBC}") = "eOrdinacija.MobileApp.Android", "eOrdinacija.MobileApp\eOrdinacija.MobileApp.Android\eOrdinacija.MobileApp.Android.csproj", "{E8267CFD-508E-44A8-9AE0-BEDF68F5F478}"
EndProject
Project("{FAE04EC0-301F-11D3-BF4B-00C04F79EFBC}") = "eOrdinacija.MobileApp.iOS", "eOrdinacija.MobileApp\eOrdinacija.MobileApp.iOS\eOrdinacija.MobileApp.iOS.csproj", "{4145F924-2BA4-4ADD-8646-0B36E089F0F0}"
EndProject
Project("{9A19103F-16F7-4668-BE54-9A1E7A4F7556}") = "eOrdinacija.MobileApp", "eOrdinacija.MobileApp\eOrdinacija.MobileApp\eOrdinacija.MobileApp.csproj", "{E18BB881-1799-440E-8637-FB55FAEF81F1}"
EndProject
Global
	GlobalSection(SolutionConfigurationPlatforms) = preSolution
		Debug|Any CPU = Debug|Any CPU
		Debug|ARM = Debug|ARM
		Debug|iPhone = Debug|iPhone
		Debug|iPhoneSimulator = Debug|iPhoneSimulator
		Debug|x64 = Debug|x64
		Debug|x86 = Debug|x86
		Release|Any CPU = Release|Any CPU
		Release|ARM = Release|ARM
		Release|iPhone = Release|iPhone
		Release|iPhoneSimulator = Release|iPhoneSimulator
		Release|x64 = Release|x64
		Release|x86 = Release|x86
	EndGlobalSection
	GlobalSection(ProjectConfigurationPlatforms) = postSolution
		{45DF3D9E-422C-45EA-A0E4-5C86B8B15D05}.Debug|Any CPU.ActiveCfg = Debug|Any CPU
		{45DF3D9E-422C-45EA-A0E4-5C86B8B15D05}.Debug|Any CPU.Build.0 = Debug|Any CPU
		{45DF3D9E-422C-45EA-A0E4-5C86B8B15D05}.Debug|ARM.ActiveCfg = Debug|Any CPU
		{45DF3D9E-422C-45EA-A0E4-5C86B8B15D05}.Debug|ARM.Build.0 = Debug|Any CPU
		{45DF3D9E-422C-45EA-A0E4-5C86B8B15D05}.Debug|iPhone.ActiveCfg = Debug|Any CPU
		{45DF3D9E-422C-45EA-A0E4-5C86B8B15D05}.Debug|iPhone.Build.0 = Debug|Any CPU
		{45DF3D9E-422C-45EA-A0E4-5C86B8B15D05}.Debug|iPhoneSimulator.ActiveCfg = Debug|Any CPU
		{45DF3D9E-422C-45EA-A0E4-5C86B8B15D05}.Debug|iPhoneSimulator.Build.0 = Debug|Any CPU
		{45DF3D9E-422C-45EA-A0E4-5C86B8B15D05}.Debug|x64.ActiveCfg = Debug|Any CPU
		{45DF3D9E-422C-45EA-A0E4-5C86B8B15D05}.Debug|x64.Build.0 = Debug|Any CPU
		{45DF3D9E-422C-45EA-A0E4-5C86B8B15D05}.Debug|x86.ActiveCfg = Debug|Any CPU
		{45DF3D9E-422C-45EA-A0E4-5C86B8B15D05}.Debug|x86.Build.0 = Debug|Any CPU
		{45DF3D9E-422C-45EA-A0E4-5C86B8B15D05}.Release|Any CPU.ActiveCfg = Release|Any CPU
		{45DF3D9E-422C-45EA-A0E4-5C86B8B15D05}.Release|Any CPU.Build.0 = Release|Any CPU
		{45DF3D9E-422C-45EA-A0E4-5C86B8B15D05}.Release|ARM.ActiveCfg = Release|Any CPU
		{45DF3D9E-422C-45EA-A0E4-5C86B8B15D05}.Release|ARM.Build.0 = Release|Any CPU
		{45DF3D9E-422C-45EA-A0E4-5C86B8B15D05}.Release|iPhone.ActiveCfg = Release|Any CPU
		{45DF3D9E-422C-45EA-A0E4-5C86B8B15D05}.Release|iPhone.Build.0 = Release|Any CPU
		{45DF3D9E-422C-45EA-A0E4-5C86B8B15D05}.Release|iPhoneSimulator.ActiveCfg = Release|Any CPU
		{45DF3D9E-422C-45EA-A0E4-5C86B8B15D05}.Release|iPhoneSimulator.Build.0 = Release|Any CPU
		{45DF3D9E-422C-45EA-A0E4-5C86B8B15D05}.Release|x64.ActiveCfg = Release|Any CPU
		{45DF3D9E-422C-45EA-A0E4-5C86B8B15D05}.Release|x64.Build.0 = Release|Any CPU
		{45DF3D9E-422C-45EA-A0E4-5C86B8B15D05}.Release|x86.ActiveCfg = Release|Any CPU
		{45DF3D9E-422C-45EA-A0E4-5C86B8B15D05}.Release|x86.Build.0 = Release|Any CPU
		{98B40297-E38C-4052-9595-65F6FAD117EA}.Debug|Any CPU.ActiveCfg = Debug|Any CPU
		{98B40297-E38C-4052-9595-65F6FAD117EA}.Debug|Any CPU.Build.0 = Debug|Any CPU
		{98B40297-E38C-4052-9595-65F6FAD117EA}.Debug|ARM.ActiveCfg = Debug|Any CPU
		{98B40297-E38C-4052-9595-65F6FAD117EA}.Debug|ARM.Build.0 = Debug|Any CPU
		{98B40297-E38C-4052-9595-65F6FAD117EA}.Debug|iPhone.ActiveCfg = Debug|Any CPU
		{98B40297-E38C-4052-9595-65F6FAD117EA}.Debug|iPhone.Build.0 = Debug|Any CPU
		{98B40297-E38C-4052-9595-65F6FAD117EA}.Debug|iPhoneSimulator.ActiveCfg = Debug|Any CPU
		{98B40297-E38C-4052-9595-65F6FAD117EA}.Debug|iPhoneSimulator.Build.0 = Debug|Any CPU
		{98B40297-E38C-4052-9595-65F6FAD117EA}.Debug|x64.ActiveCfg = Debug|Any CPU
		{98B40297-E38C-4052-9595-65F6FAD117EA}.Debug|x64.Build.0 = Debug|Any CPU
		{98B40297-E38C-4052-9595-65F6FAD117EA}.Debug|x86.ActiveCfg = Debug|Any CPU
		{98B40297-E38C-4052-9595-65F6FAD117EA}.Debug|x86.Build.0 = Debug|Any CPU
		{98B40297-E38C-4052-9595-65F6FAD117EA}.Release|Any CPU.ActiveCfg = Release|Any CPU
		{98B40297-E38C-4052-9595-65F6FAD117EA}.Release|Any CPU.Build.0 = Release|Any CPU
		{98B40297-E38C-4052-9595-65F6FAD117EA}.Release|ARM.ActiveCfg = Release|Any CPU
		{98B40297-E38C-4052-9595-65F6FAD117EA}.Release|ARM.Build.0 = Release|Any CPU
		{98B40297-E38C-4052-9595-65F6FAD117EA}.Release|iPhone.ActiveCfg = Release|Any CPU
		{98B40297-E38C-4052-9595-65F6FAD117EA}.Release|iPhone.Build.0 = Release|Any CPU
		{98B40297-E38C-4052-9595-65F6FAD117EA}.Release|iPhoneSimulator.ActiveCfg = Release|Any CPU
		{98B40297-E38C-4052-9595-65F6FAD117EA}.Release|iPhoneSimulator.Build.0 = Release|Any CPU
		{98B40297-E38C-4052-9595-65F6FAD117EA}.Release|x64.ActiveCfg = Release|Any CPU
		{98B40297-E38C-4052-9595-65F6FAD117EA}.Release|x64.Build.0 = Release|Any CPU
		{98B40297-E38C-4052-9595-65F6FAD117EA}.Release|x86.ActiveCfg = Release|Any CPU
		{98B40297-E38C-4052-9595-65F6FAD117EA}.Release|x86.Build.0 = Release|Any CPU
		{AAC76982-E0A2-4298-803E-3E96FBFE60BC}.Debug|Any CPU.ActiveCfg = Debug|Any CPU
		{AAC76982-E0A2-4298-803E-3E96FBFE60BC}.Debug|Any CPU.Build.0 = Debug|Any CPU
		{AAC76982-E0A2-4298-803E-3E96FBFE60BC}.Debug|ARM.ActiveCfg = Debug|Any CPU
		{AAC76982-E0A2-4298-803E-3E96FBFE60BC}.Debug|ARM.Build.0 = Debug|Any CPU
		{AAC76982-E0A2-4298-803E-3E96FBFE60BC}.Debug|iPhone.ActiveCfg = Debug|Any CPU
		{AAC76982-E0A2-4298-803E-3E96FBFE60BC}.Debug|iPhone.Build.0 = Debug|Any CPU
		{AAC76982-E0A2-4298-803E-3E96FBFE60BC}.Debug|iPhoneSimulator.ActiveCfg = Debug|Any CPU
		{AAC76982-E0A2-4298-803E-3E96FBFE60BC}.Debug|iPhoneSimulator.Build.0 = Debug|Any CPU
		{AAC76982-E0A2-4298-803E-3E96FBFE60BC}.Debug|x64.ActiveCfg = Debug|Any CPU
		{AAC76982-E0A2-4298-803E-3E96FBFE60BC}.Debug|x64.Build.0 = Debug|Any CPU
		{AAC76982-E0A2-4298-803E-3E96FBFE60BC}.Debug|x86.ActiveCfg = Debug|Any CPU
		{AAC76982-E0A2-4298-803E-3E96FBFE60BC}.Debug|x86.Build.0 = Debug|Any CPU
		{AAC76982-E0A2-4298-803E-3E96FBFE60BC}.Release|Any CPU.ActiveCfg = Release|Any CPU
		{AAC76982-E0A2-4298-803E-3E96FBFE60BC}.Release|Any CPU.Build.0 = Release|Any CPU
		{AAC76982-E0A2-4298-803E-3E96FBFE60BC}.Release|ARM.ActiveCfg = Release|Any CPU
		{AAC76982-E0A2-4298-803E-3E96FBFE60BC}.Release|ARM.Build.0 = Release|Any CPU
		{AAC76982-E0A2-4298-803E-3E96FBFE60BC}.Release|iPhone.ActiveCfg = Release|Any CPU
		{AAC76982-E0A2-4298-803E-3E96FBFE60BC}.Release|iPhone.Build.0 = Release|Any CPU
		{AAC76982-E0A2-4298-803E-3E96FBFE60BC}.Release|iPhoneSimulator.ActiveCfg = Release|Any CPU
		{AAC76982-E0A2-4298-803E-3E96FBFE60BC}.Release|iPhoneSimulator.Build.0 = Release|Any CPU
		{AAC76982-E0A2-4298-803E-3E96FBFE60BC}.Release|x64.ActiveCfg = Release|Any CPU
		{AAC76982-E0A2-4298-803E-3E96FBFE60BC}.Release|x64.Build.0 = Release|Any CPU
		{AAC76982-E0A2-4298-803E-3E96FBFE60BC}.Release|x86.ActiveCfg = Release|Any CPU
		{AAC76982-E0A2-4298-803E-3E96FBFE60BC}.Release|x86.Build.0 = Release|Any CPU
		{F4C7723C-85B7-4412-97FD-5A7E63029B71}.Debug|Any CPU.ActiveCfg = Debug|x86
		{F4C7723C-85B7-4412-97FD-5A7E63029B71}.Debug|Any CPU.Build.0 = Debug|x86
		{F4C7723C-85B7-4412-97FD-5A7E63029B71}.Debug|Any CPU.Deploy.0 = Debug|x86
		{F4C7723C-85B7-4412-97FD-5A7E63029B71}.Debug|ARM.ActiveCfg = Debug|ARM
		{F4C7723C-85B7-4412-97FD-5A7E63029B71}.Debug|ARM.Build.0 = Debug|ARM
		{F4C7723C-85B7-4412-97FD-5A7E63029B71}.Debug|ARM.Deploy.0 = Debug|ARM
		{F4C7723C-85B7-4412-97FD-5A7E63029B71}.Debug|iPhone.ActiveCfg = Debug|x86
		{F4C7723C-85B7-4412-97FD-5A7E63029B71}.Debug|iPhoneSimulator.ActiveCfg = Debug|x86
		{F4C7723C-85B7-4412-97FD-5A7E63029B71}.Debug|x64.ActiveCfg = Debug|x64
		{F4C7723C-85B7-4412-97FD-5A7E63029B71}.Debug|x64.Build.0 = Debug|x64
		{F4C7723C-85B7-4412-97FD-5A7E63029B71}.Debug|x64.Deploy.0 = Debug|x64
		{F4C7723C-85B7-4412-97FD-5A7E63029B71}.Debug|x86.ActiveCfg = Debug|x86
		{F4C7723C-85B7-4412-97FD-5A7E63029B71}.Debug|x86.Build.0 = Debug|x86
		{F4C7723C-85B7-4412-97FD-5A7E63029B71}.Debug|x86.Deploy.0 = Debug|x86
		{F4C7723C-85B7-4412-97FD-5A7E63029B71}.Release|Any CPU.ActiveCfg = Release|x86
		{F4C7723C-85B7-4412-97FD-5A7E63029B71}.Release|ARM.ActiveCfg = Release|ARM
		{F4C7723C-85B7-4412-97FD-5A7E63029B71}.Release|ARM.Build.0 = Release|ARM
		{F4C7723C-85B7-4412-97FD-5A7E63029B71}.Release|ARM.Deploy.0 = Release|ARM
		{F4C7723C-85B7-4412-97FD-5A7E63029B71}.Release|iPhone.ActiveCfg = Release|x86
		{F4C7723C-85B7-4412-97FD-5A7E63029B71}.Release|iPhoneSimulator.ActiveCfg = Release|x86
		{F4C7723C-85B7-4412-97FD-5A7E63029B71}.Release|x64.ActiveCfg = Release|x64
		{F4C7723C-85B7-4412-97FD-5A7E63029B71}.Release|x64.Build.0 = Release|x64
		{F4C7723C-85B7-4412-97FD-5A7E63029B71}.Release|x64.Deploy.0 = Release|x64
		{F4C7723C-85B7-4412-97FD-5A7E63029B71}.Release|x86.ActiveCfg = Release|x86
		{F4C7723C-85B7-4412-97FD-5A7E63029B71}.Release|x86.Build.0 = Release|x86
		{F4C7723C-85B7-4412-97FD-5A7E63029B71}.Release|x86.Deploy.0 = Release|x86
		{E8267CFD-508E-44A8-9AE0-BEDF68F5F478}.Debug|Any CPU.ActiveCfg = Debug|Any CPU
		{E8267CFD-508E-44A8-9AE0-BEDF68F5F478}.Debug|Any CPU.Build.0 = Debug|Any CPU
		{E8267CFD-508E-44A8-9AE0-BEDF68F5F478}.Debug|Any CPU.Deploy.0 = Debug|Any CPU
		{E8267CFD-508E-44A8-9AE0-BEDF68F5F478}.Debug|ARM.ActiveCfg = Debug|Any CPU
		{E8267CFD-508E-44A8-9AE0-BEDF68F5F478}.Debug|ARM.Build.0 = Debug|Any CPU
		{E8267CFD-508E-44A8-9AE0-BEDF68F5F478}.Debug|ARM.Deploy.0 = Debug|Any CPU
		{E8267CFD-508E-44A8-9AE0-BEDF68F5F478}.Debug|iPhone.ActiveCfg = Debug|Any CPU
		{E8267CFD-508E-44A8-9AE0-BEDF68F5F478}.Debug|iPhone.Build.0 = Debug|Any CPU
		{E8267CFD-508E-44A8-9AE0-BEDF68F5F478}.Debug|iPhone.Deploy.0 = Debug|Any CPU
		{E8267CFD-508E-44A8-9AE0-BEDF68F5F478}.Debug|iPhoneSimulator.ActiveCfg = Debug|Any CPU
		{E8267CFD-508E-44A8-9AE0-BEDF68F5F478}.Debug|iPhoneSimulator.Build.0 = Debug|Any CPU
		{E8267CFD-508E-44A8-9AE0-BEDF68F5F478}.Debug|iPhoneSimulator.Deploy.0 = Debug|Any CPU
		{E8267CFD-508E-44A8-9AE0-BEDF68F5F478}.Debug|x64.ActiveCfg = Debug|Any CPU
		{E8267CFD-508E-44A8-9AE0-BEDF68F5F478}.Debug|x64.Build.0 = Debug|Any CPU
		{E8267CFD-508E-44A8-9AE0-BEDF68F5F478}.Debug|x64.Deploy.0 = Debug|Any CPU
		{E8267CFD-508E-44A8-9AE0-BEDF68F5F478}.Debug|x86.ActiveCfg = Debug|Any CPU
		{E8267CFD-508E-44A8-9AE0-BEDF68F5F478}.Debug|x86.Build.0 = Debug|Any CPU
		{E8267CFD-508E-44A8-9AE0-BEDF68F5F478}.Debug|x86.Deploy.0 = Debug|Any CPU
		{E8267CFD-508E-44A8-9AE0-BEDF68F5F478}.Release|Any CPU.ActiveCfg = Release|Any CPU
		{E8267CFD-508E-44A8-9AE0-BEDF68F5F478}.Release|Any CPU.Build.0 = Release|Any CPU
		{E8267CFD-508E-44A8-9AE0-BEDF68F5F478}.Release|Any CPU.Deploy.0 = Release|Any CPU
		{E8267CFD-508E-44A8-9AE0-BEDF68F5F478}.Release|ARM.ActiveCfg = Release|Any CPU
		{E8267CFD-508E-44A8-9AE0-BEDF68F5F478}.Release|ARM.Build.0 = Release|Any CPU
		{E8267CFD-508E-44A8-9AE0-BEDF68F5F478}.Release|ARM.Deploy.0 = Release|Any CPU
		{E8267CFD-508E-44A8-9AE0-BEDF68F5F478}.Release|iPhone.ActiveCfg = Release|Any CPU
		{E8267CFD-508E-44A8-9AE0-BEDF68F5F478}.Release|iPhone.Build.0 = Release|Any CPU
		{E8267CFD-508E-44A8-9AE0-BEDF68F5F478}.Release|iPhone.Deploy.0 = Release|Any CPU
		{E8267CFD-508E-44A8-9AE0-BEDF68F5F478}.Release|iPhoneSimulator.ActiveCfg = Release|Any CPU
		{E8267CFD-508E-44A8-9AE0-BEDF68F5F478}.Release|iPhoneSimulator.Build.0 = Release|Any CPU
		{E8267CFD-508E-44A8-9AE0-BEDF68F5F478}.Release|iPhoneSimulator.Deploy.0 = Release|Any CPU
		{E8267CFD-508E-44A8-9AE0-BEDF68F5F478}.Release|x64.ActiveCfg = Release|Any CPU
		{E8267CFD-508E-44A8-9AE0-BEDF68F5F478}.Release|x64.Build.0 = Release|Any CPU
		{E8267CFD-508E-44A8-9AE0-BEDF68F5F478}.Release|x64.Deploy.0 = Release|Any CPU
		{E8267CFD-508E-44A8-9AE0-BEDF68F5F478}.Release|x86.ActiveCfg = Release|Any CPU
		{E8267CFD-508E-44A8-9AE0-BEDF68F5F478}.Release|x86.Build.0 = Release|Any CPU
		{E8267CFD-508E-44A8-9AE0-BEDF68F5F478}.Release|x86.Deploy.0 = Release|Any CPU
		{4145F924-2BA4-4ADD-8646-0B36E089F0F0}.Debug|Any CPU.ActiveCfg = Debug|iPhoneSimulator
		{4145F924-2BA4-4ADD-8646-0B36E089F0F0}.Debug|ARM.ActiveCfg = Debug|iPhoneSimulator
		{4145F924-2BA4-4ADD-8646-0B36E089F0F0}.Debug|iPhone.ActiveCfg = Debug|iPhone
		{4145F924-2BA4-4ADD-8646-0B36E089F0F0}.Debug|iPhone.Build.0 = Debug|iPhone
		{4145F924-2BA4-4ADD-8646-0B36E089F0F0}.Debug|iPhoneSimulator.ActiveCfg = Debug|iPhoneSimulator
		{4145F924-2BA4-4ADD-8646-0B36E089F0F0}.Debug|iPhoneSimulator.Build.0 = Debug|iPhoneSimulator
		{4145F924-2BA4-4ADD-8646-0B36E089F0F0}.Debug|x64.ActiveCfg = Debug|iPhoneSimulator
		{4145F924-2BA4-4ADD-8646-0B36E089F0F0}.Debug|x86.ActiveCfg = Debug|iPhoneSimulator
		{4145F924-2BA4-4ADD-8646-0B36E089F0F0}.Release|Any CPU.ActiveCfg = Release|iPhoneSimulator
		{4145F924-2BA4-4ADD-8646-0B36E089F0F0}.Release|ARM.ActiveCfg = Release|iPhoneSimulator
		{4145F924-2BA4-4ADD-8646-0B36E089F0F0}.Release|iPhone.ActiveCfg = Release|iPhone
		{4145F924-2BA4-4ADD-8646-0B36E089F0F0}.Release|iPhone.Build.0 = Release|iPhone
		{4145F924-2BA4-4ADD-8646-0B36E089F0F0}.Release|iPhoneSimulator.ActiveCfg = Release|iPhoneSimulator
		{4145F924-2BA4-4ADD-8646-0B36E089F0F0}.Release|iPhoneSimulator.Build.0 = Release|iPhoneSimulator
		{4145F924-2BA4-4ADD-8646-0B36E089F0F0}.Release|x64.ActiveCfg = Release|iPhoneSimulator
		{4145F924-2BA4-4ADD-8646-0B36E089F0F0}.Release|x86.ActiveCfg = Release|iPhoneSimulator
		{E18BB881-1799-440E-8637-FB55FAEF81F1}.Debug|Any CPU.ActiveCfg = Debug|Any CPU
		{E18BB881-1799-440E-8637-FB55FAEF81F1}.Debug|Any CPU.Build.0 = Debug|Any CPU
		{E18BB881-1799-440E-8637-FB55FAEF81F1}.Debug|ARM.ActiveCfg = Debug|Any CPU
		{E18BB881-1799-440E-8637-FB55FAEF81F1}.Debug|ARM.Build.0 = Debug|Any CPU
		{E18BB881-1799-440E-8637-FB55FAEF81F1}.Debug|iPhone.ActiveCfg = Debug|Any CPU
		{E18BB881-1799-440E-8637-FB55FAEF81F1}.Debug|iPhone.Build.0 = Debug|Any CPU
		{E18BB881-1799-440E-8637-FB55FAEF81F1}.Debug|iPhoneSimulator.ActiveCfg = Debug|Any CPU
		{E18BB881-1799-440E-8637-FB55FAEF81F1}.Debug|iPhoneSimulator.Build.0 = Debug|Any CPU
		{E18BB881-1799-440E-8637-FB55FAEF81F1}.Debug|x64.ActiveCfg = Debug|Any CPU
		{E18BB881-1799-440E-8637-FB55FAEF81F1}.Debug|x64.Build.0 = Debug|Any CPU
		{E18BB881-1799-440E-8637-FB55FAEF81F1}.Debug|x86.ActiveCfg = Debug|Any CPU
		{E18BB881-1799-440E-8637-FB55FAEF81F1}.Debug|x86.Build.0 = Debug|Any CPU
		{E18BB881-1799-440E-8637-FB55FAEF81F1}.Release|Any CPU.ActiveCfg = Release|Any CPU
		{E18BB881-1799-440E-8637-FB55FAEF81F1}.Release|Any CPU.Build.0 = Release|Any CPU
		{E18BB881-1799-440E-8637-FB55FAEF81F1}.Release|ARM.ActiveCfg = Release|Any CPU
		{E18BB881-1799-440E-8637-FB55FAEF81F1}.Release|ARM.Build.0 = Release|Any CPU
		{E18BB881-1799-440E-8637-FB55FAEF81F1}.Release|iPhone.ActiveCfg = Release|Any CPU
		{E18BB881-1799-440E-8637-FB55FAEF81F1}.Release|iPhone.Build.0 = Release|Any CPU
		{E18BB881-1799-440E-8637-FB55FAEF81F1}.Release|iPhoneSimulator.ActiveCfg = Release|Any CPU
		{E18BB881-1799-440E-8637-FB55FAEF81F1}.Release|iPhoneSimulator.Build.0 = Release|Any CPU
		{E18BB881-1799-440E-8637-FB55FAEF81F1}.Release|x64.ActiveCfg = Release|Any CPU
		{E18BB881-1799-440E-8637-FB55FAEF81F1}.Release|x64.Build.0 = Release|Any CPU
		{E18BB881-1799-440E-8637-FB55FAEF81F1}.Release|x86.ActiveCfg = Release|Any CPU
		{E18BB881-1799-440E-8637-FB55FAEF81F1}.Release|x86.Build.0 = Release|Any CPU
	EndGlobalSection
	GlobalSection(SolutionProperties) = preSolution
		HideSolutionNode = FALSE
	EndGlobalSection
	GlobalSection(NestedProjects) = preSolution
		{AAC76982-E0A2-4298-803E-3E96FBFE60BC} = {325C754C-71CF-4A7D-B793-2B2951F30350}
		{F4C7723C-85B7-4412-97FD-5A7E63029B71} = {18EFCF88-660C-4AD6-8E22-3EFF6D81D2B7}
		{E8267CFD-508E-44A8-9AE0-BEDF68F5F478} = {18EFCF88-660C-4AD6-8E22-3EFF6D81D2B7}
		{4145F924-2BA4-4ADD-8646-0B36E089F0F0} = {18EFCF88-660C-4AD6-8E22-3EFF6D81D2B7}
		{E18BB881-1799-440E-8637-FB55FAEF81F1} = {18EFCF88-660C-4AD6-8E22-3EFF6D81D2B7}
	EndGlobalSection
	GlobalSection(ExtensibilityGlobals) = postSolution
		SolutionGuid = {7EA1F052-BC0D-4363-AA3C-F1CDA1734C2E}
	EndGlobalSection
EndGlobal
